{
  "requires": true,
  "lockfileVersion": 1,
  "dependencies": {
    "@fortawesome/fontawesome-free": {
      "version": "5.10.2",
      "resolved": "https://registry.npmjs.org/@fortawesome/fontawesome-free/-/fontawesome-free-5.10.2.tgz",
      "integrity": "sha512-9pw+Nsnunl9unstGEHQ+u41wBEQue6XPBsILXtJF/4fNN1L3avJcMF/gGF86rIjeTAgfLjTY9ndm68/X4f4idQ=="
    },
    "bootstrap": {
      "version": "4.3.1",
      "resolved": "https://registry.npmjs.org/bootstrap/-/bootstrap-4.3.1.tgz",
      "integrity": "sha512-rXqOmH1VilAt2DyPzluTi2blhk17bO7ef+zLLPlWvG494pDxcM234pJ8wTc/6R40UWizAIIMgxjvxZg5kmsbag=="
    },
    "jquery": {
      "version": "3.4.1",
      "resolved": "https://registry.npmjs.org/jquery/-/jquery-3.4.1.tgz",
      "integrity": "sha512-36+AdBzCL+y6qjw5Tx7HgzeGCzC81MDDgaUP8ld2zhx58HdqXGoBd+tHdrBMiyjGQs0Hxs/MLZTu/eHNJJuWPw=="
    },
    "jquery.easing": {
      "version": "1.4.1",
      "resolved": "https://registry.npmjs.org/jquery.easing/-/jquery.easing-1.4.1.tgz",
      "integrity": "sha1-R5gsWDa9dY/UhJSSPEoQHvbpPjs="
    },
    "simple-line-icons": {
      "version": "2.4.1",
      "resolved": "https://registry.npmjs.org/simple-line-icons/-/simple-line-icons-2.4.1.tgz",
      "integrity": "sha1-t1vFoNh+UwkowszaVzUnS7JW8jQ="
    },
    "startbootstrap-stylish-portfolio": {
      "version": "5.0.7",
      "resolved": "https://registry.npmjs.org/startbootstrap-stylish-portfolio/-/startbootstrap-stylish-portfolio-5.0.7.tgz",
      "integrity": "sha512-ZLZT+ZlaLdOaE+2HhjXuW2tyLRzRcZiAB+9zu0kNoKQOS6HZWFlfBxEwyhY5e2VhO1X+9OXlGOyTSGn/Ln77Yg==",
      "requires": {
        "@fortawesome/fontawesome-free": "5.10.2",
        "bootstrap": "4.3.1",
        "jquery": "3.4.1",
        "jquery.easing": "^1.4.1",
        "simple-line-icons": "^2.4.1"
      }
    }
  }
}
